{
  "name": "echelon",
  "lockfileVersion": 3,
  "requires": true,
  "packages": {
    "": {
      "dependencies": {
        "@fontsource/figtree": "^5.1.1"
      }
    },
    "node_modules/@fontsource/figtree": {
      "version": "5.1.1",
      "resolved": "https://registry.npmjs.org/@fontsource/figtree/-/figtree-5.1.1.tgz",
      "integrity": "sha512-jVxgbCrtag/f6FYauu+DbQJR7TvM43IyX2iNcx8QmmEluzyPZ+FVRul5t0OV9k52fDi6nBLF/8709AAGYv7ZmA==",
      "license": "OFL-1.1"
    }
  }
}
